
Microsoft Visual Studio Solution File, Format Version 12.00
# Visual Studio 15
VisualStudioVersion = 15.0.27130.2020
MinimumVisualStudioVersion = 10.0.40219.1
Project("{FAE04EC0-301F-11D3-BF4B-00C04F79EFBC}") = "FunctionApp3", "FunctionApp3\FunctionApp3.csproj", "{6CED4BA0-4134-46C8-8B63-47533523ECD6}"
EndProject
Global
	GlobalSection(SolutionConfigurationPlatforms) = preSolution
		Debug|Any CPU = Debug|Any CPU
		Release|Any CPU = Release|Any CPU
	EndGlobalSection
	GlobalSection(ProjectConfigurationPlatforms) = postSolution
		{6CED4BA0-4134-46C8-8B63-47533523ECD6}.Debug|Any CPU.ActiveCfg = Debug|Any CPU
		{6CED4BA0-4134-46C8-8B63-47533523ECD6}.Debug|Any CPU.Build.0 = Debug|Any CPU
		{6CED4BA0-4134-46C8-8B63-47533523ECD6}.Release|Any CPU.ActiveCfg = Release|Any CPU
		{6CED4BA0-4134-46C8-8B63-47533523ECD6}.Release|Any CPU.Build.0 = Release|Any CPU
	EndGlobalSection
	GlobalSection(SolutionProperties) = preSolution
		HideSolutionNode = FALSE
	EndGlobalSection
	GlobalSection(ExtensibilityGlobals) = postSolution
		SolutionGuid = {C5527B45-D6E2-4F43-8A84-774FFFBE88DB}
	EndGlobalSection
EndGlobal
